
Microsoft Visual Studio Solution File, Format Version 12.00
Project("{2150E333-8FDC-42A3-9474-1A3956D46DE8}") = "Application", "Application", "{CF191A46-B023-4AF1-A23B-CDB7662AF2A5}"
EndProject
Project("{FAE04EC0-301F-11D3-BF4B-00C04F79EFBC}") = "Tn.Sha256Exercise.Api", "Application\Tn.Sha256Exercise.Api\Tn.Sha256Exercise.Api.csproj", "{9946B07F-F206-4E3A-844A-6DE57562CC2D}"
EndProject
Project("{2150E333-8FDC-42A3-9474-1A3956D46DE8}") = "Deploy", "Deploy", "{9AC2B8C1-9960-4446-8041-755ABD67C89C}"
EndProject
Global
	GlobalSection(SolutionConfigurationPlatforms) = preSolution
		Debug|Any CPU = Debug|Any CPU
		Release|Any CPU = Release|Any CPU
	EndGlobalSection
	GlobalSection(NestedProjects) = preSolution
		{9946B07F-F206-4E3A-844A-6DE57562CC2D} = {CF191A46-B023-4AF1-A23B-CDB7662AF2A5}
	EndGlobalSection
	GlobalSection(ProjectConfigurationPlatforms) = postSolution
		{9946B07F-F206-4E3A-844A-6DE57562CC2D}.Debug|Any CPU.ActiveCfg = Debug|Any CPU
		{9946B07F-F206-4E3A-844A-6DE57562CC2D}.Debug|Any CPU.Build.0 = Debug|Any CPU
		{9946B07F-F206-4E3A-844A-6DE57562CC2D}.Release|Any CPU.ActiveCfg = Release|Any CPU
		{9946B07F-F206-4E3A-844A-6DE57562CC2D}.Release|Any CPU.Build.0 = Release|Any CPU
	EndGlobalSection
EndGlobal
